<?xml version="1.0" encoding="utf-8"?>
<Project ToolsVersion="4.0" xmlns="http://schemas.microsoft.com/developer/msbuild/2003">
  <ItemGroup>
    <Filter Include="Source Files">
      <UniqueIdentifier>{4FC737F1-C7A5-4376-A066-2A32D752A2FF}</UniqueIdentifier>
      <Extensions>cpp;c;cc;cxx;c++;cppm;ixx;def;odl;idl;hpj;bat;asm;asmx</Extensions>
    </Filter>
    <Filter Include="Header Files">
      <UniqueIdentifier>{93995380-89BD-4b04-88EB-625FBE52EBFB}</UniqueIdentifier>
      <Extensions>h;hh;hpp;hxx;h++;hm;inl;inc;ipp;xsd</Extensions>
    </Filter>
    <Filter Include="Resource Files">
      <UniqueIdentifier>{67DA6AB6-F800-4c08-8B7A-83BB121AAD01}</UniqueIdentifier>
      <Extensions>rc;ico;cur;bmp;dlg;rc2;rct;bin;rgs;gif;jpg;jpeg;jpe;resx;tiff;tif;png;wav;mfcribbon-ms</Extensions>
    </Filter>
    <Filter Include="Source Files\Audio">
      <UniqueIdentifier>{3bdde1de-32f7-443b-a1de-48840ee1fa24}</UniqueIdentifier>
    </Filter>
    <Filter Include="Source Files\GLEW">
      <UniqueIdentifier>{7fa21d27-2791-473a-98b7-dc01b731c69a}</UniqueIdentifier>
    </Filter>
  </ItemGroup>
  <ItemGroup>
    <ClCompile Include="ini.cpp">
      <Filter>Source Files</Filter>
    </ClCompile>
    <ClCompile Include="log.cpp">
      <Filter>Source Files</Filter>
    </ClCompile>
    <ClCompile Include="newfbo.cpp">
      <Filter>Source Files</Filter>
    </ClCompile>
    <ClCompile Include="os_basic.cpp">
      <Filter>Source Files</Filter>
    </ClCompile>
    <ClCompile Include="rawinput.cpp">
      <Filter>Source Files</Filter>
    </ClCompile>
    <ClCompile Include="simple_texture.cpp">
      <Filter>Source Files</Filter>
    </ClCompile>
    <ClCompile Include="simpletimer.cpp">
      <Filter>Source Files</Filter>
    </ClCompile>
    <ClCompile Include="spritesheet.cpp">
      <Filter>Source Files</Filter>
    </ClCompile>
    <ClCompile Include="timer.cpp">
      <Filter>Source Files</Filter>
    </ClCompile>
    <ClCompile Include="transitions.cpp">
      <Filter>Source Files</Filter>
    </ClCompile>
    <ClCompile Include="winfont.cpp">
      <Filter>Source Files</Filter>
    </ClCompile>
    <ClCompile Include="winmain.cpp">
      <Filter>Source Files</Filter>
    </ClCompile>
    <ClCompile Include="wintimercode.cpp">
      <Filter>Source Files</Filter>
    </ClCompile>
    <ClCompile Include="miniz.c">
      <Filter>Source Files</Filter>
    </ClCompile>
    <ClCompile Include="bmfont.cpp">
      <Filter>Source Files</Filter>
    </ClCompile>
    <ClCompile Include="collision_tests.cpp">
      <Filter>Source Files</Filter>
    </ClCompile>
    <ClCompile Include="emptyclass.cpp">
      <Filter>Source Files</Filter>
    </ClCompile>
    <ClCompile Include="fileio.cpp">
      <Filter>Source Files</Filter>
    </ClCompile>
    <ClCompile Include="gl_basics.cpp">
      <Filter>Source Files</Filter>
    </ClCompile>
    <ClCompile Include="hotspot.cpp">
      <Filter>Source Files</Filter>
    </ClCompile>
    <ClCompile Include="game.cpp">
      <Filter>Source Files</Filter>
    </ClCompile>
    <ClCompile Include="dsoundstream.cpp">
      <Filter>Source Files\Audio</Filter>
    </ClCompile>
    <ClCompile Include="dsoundmain.cpp">
      <Filter>Source Files\Audio</Filter>
    </ClCompile>
    <ClCompile Include="stb_vorbis.c">
      <Filter>Source Files\Audio</Filter>
    </ClCompile>
    <ClCompile Include="wavfile.cpp">
      <Filter>Source Files\Audio</Filter>
    </ClCompile>
    <ClCompile Include="mixer.cpp">
      <Filter>Source Files\Audio</Filter>
    </ClCompile>
    <ClCompile Include="glew.c">
      <Filter>Source Files\GLEW</Filter>
    </ClCompile>
  </ItemGroup>
  <ItemGroup>
    <ClInclude Include="Box2D\Box2D.h">
      <Filter>Source Files</Filter>
    </ClInclude>
    <ClInclude Include="bmfont.h">
      <Filter>Source Files</Filter>
    </ClInclude>
    <ClInclude Include="collision_tests.h">
      <Filter>Source Files</Filter>
    </ClInclude>
    <ClInclude Include="emptyclass.h">
      <Filter>Source Files</Filter>
    </ClInclude>
    <ClInclude Include="fileio.h">
      <Filter>Source Files</Filter>
    </ClInclude>
    <ClInclude Include="gl_basics.h">
      <Filter>Source Files</Filter>
    </ClInclude>
    <ClInclude Include="hotspot.h">
      <Filter>Source Files</Filter>
    </ClInclude>
    <ClInclude Include="ini.h">
      <Filter>Source Files</Filter>
    </ClInclude>
    <ClInclude Include="log.h">
      <Filter>Source Files</Filter>
    </ClInclude>
    <ClInclude Include="MathUtils.h">
      <Filter>Source Files</Filter>
    </ClInclude>
    <ClInclude Include="miniz.h">
      <Filter>Source Files</Filter>
    </ClInclude>
    <ClInclude Include="newfbo.h">
      <Filter>Source Files</Filter>
    </ClInclude>
    <ClInclude Include="os_basic.h">
      <Filter>Source Files</Filter>
    </ClInclude>
    <ClInclude Include="rawinput.h">
      <Filter>Source Files</Filter>
    </ClInclude>
    <ClInclude Include="simple_texture.h">
      <Filter>Source Files</Filter>
    </ClInclude>
    <ClInclude Include="simpletimer.h">
      <Filter>Source Files</Filter>
    </ClInclude>
    <ClInclude Include="spritesheet.h">
      <Filter>Source Files</Filter>
    </ClInclude>
    <ClInclude Include="stb_image.h">
      <Filter>Source Files</Filter>
    </ClInclude>
    <ClInclude Include="stb_image_write.h">
      <Filter>Source Files</Filter>
    </ClInclude>
    <ClInclude Include="timer.h">
      <Filter>Source Files</Filter>
    </ClInclude>
    <ClInclude Include="transitions.h">
      <Filter>Source Files</Filter>
    </ClInclude>
    <ClInclude Include="winfont.h">
      <Filter>Source Files</Filter>
    </ClInclude>
    <ClInclude Include="wintimercode.h">
      <Filter>Source Files</Filter>
    </ClInclude>
    <ClInclude Include="game.h">
      <Filter>Source Files</Filter>
    </ClInclude>
    <ClInclude Include="dsoundstream.h">
      <Filter>Source Files\Audio</Filter>
    </ClInclude>
    <ClInclude Include="dsoundmain.h">
      <Filter>Source Files\Audio</Filter>
    </ClInclude>
    <ClInclude Include="emptywav.h">
      <Filter>Source Files\Audio</Filter>
    </ClInclude>
    <ClInclude Include="stb_vorbis.h">
      <Filter>Source Files\Audio</Filter>
    </ClInclude>
    <ClInclude Include="wavfile.h">
      <Filter>Source Files\Audio</Filter>
    </ClInclude>
    <ClInclude Include="mixer.h">
      <Filter>Source Files\Audio</Filter>
    </ClInclude>
    <ClInclude Include="rotation_table.h">
      <Filter>Header Files</Filter>
    </ClInclude>
    <ClInclude Include="rect2d.h">
      <Filter>Header Files</Filter>
    </ClInclude>
    <ClInclude Include="circle.h">
      <Filter>Header Files</Filter>
    </ClInclude>
    <ClInclude Include="framework.h">
      <Filter>Header Files</Filter>
    </ClInclude>
    <ClInclude Include="colordefs.h">
      <Filter>Header Files</Filter>
    </ClInclude>
    <ClInclude Include="glew.h">
      <Filter>Source Files\GLEW</Filter>
    </ClInclude>
    <ClInclude Include="wglew.h">
      <Filter>Source Files\GLEW</Filter>
    </ClInclude>
  </ItemGroup>
</Project>